
Microsoft Visual Studio Solution File, Format Version 12.00
# Visual Studio Version 16
VisualStudioVersion = 16.0.30320.27
MinimumVisualStudioVersion = 10.0.40219.1
Project("{9A19103F-16F7-4668-BE54-9A1E7A4F7556}") = "Shoping.Model", "Shoping.Model\Shoping.Model.csproj", "{50A3895F-291F-425F-AE05-58629881F69E}"
EndProject
Project("{9A19103F-16F7-4668-BE54-9A1E7A4F7556}") = "Shoping.Service", "Shoping.Service\Shoping.Service.csproj", "{9B8F59F2-FB7D-4600-BC80-B2331EA4A156}"
EndProject
Project("{9A19103F-16F7-4668-BE54-9A1E7A4F7556}") = "ShopingCar.Web", "ShopingCar.Web\ShopingCar.Web.csproj", "{23385C82-05E9-44F4-B567-3C4F7DC575F6}"
EndProject
Project("{2150E333-8FDC-42A3-9474-1A3956D46DE8}") = "src", "src", "{DB95607F-2C41-424A-A720-D5A549314F61}"
EndProject
Global
	GlobalSection(SolutionConfigurationPlatforms) = preSolution
		Debug|Any CPU = Debug|Any CPU
		Release|Any CPU = Release|Any CPU
	EndGlobalSection
	GlobalSection(ProjectConfigurationPlatforms) = postSolution
		{50A3895F-291F-425F-AE05-58629881F69E}.Debug|Any CPU.ActiveCfg = Debug|Any CPU
		{50A3895F-291F-425F-AE05-58629881F69E}.Debug|Any CPU.Build.0 = Debug|Any CPU
		{50A3895F-291F-425F-AE05-58629881F69E}.Release|Any CPU.ActiveCfg = Release|Any CPU
		{50A3895F-291F-425F-AE05-58629881F69E}.Release|Any CPU.Build.0 = Release|Any CPU
		{9B8F59F2-FB7D-4600-BC80-B2331EA4A156}.Debug|Any CPU.ActiveCfg = Debug|Any CPU
		{9B8F59F2-FB7D-4600-BC80-B2331EA4A156}.Debug|Any CPU.Build.0 = Debug|Any CPU
		{9B8F59F2-FB7D-4600-BC80-B2331EA4A156}.Release|Any CPU.ActiveCfg = Release|Any CPU
		{9B8F59F2-FB7D-4600-BC80-B2331EA4A156}.Release|Any CPU.Build.0 = Release|Any CPU
		{23385C82-05E9-44F4-B567-3C4F7DC575F6}.Debug|Any CPU.ActiveCfg = Debug|Any CPU
		{23385C82-05E9-44F4-B567-3C4F7DC575F6}.Debug|Any CPU.Build.0 = Debug|Any CPU
		{23385C82-05E9-44F4-B567-3C4F7DC575F6}.Release|Any CPU.ActiveCfg = Release|Any CPU
		{23385C82-05E9-44F4-B567-3C4F7DC575F6}.Release|Any CPU.Build.0 = Release|Any CPU
	EndGlobalSection
	GlobalSection(SolutionProperties) = preSolution
		HideSolutionNode = FALSE
	EndGlobalSection
	GlobalSection(NestedProjects) = preSolution
		{50A3895F-291F-425F-AE05-58629881F69E} = {DB95607F-2C41-424A-A720-D5A549314F61}
		{9B8F59F2-FB7D-4600-BC80-B2331EA4A156} = {DB95607F-2C41-424A-A720-D5A549314F61}
		{23385C82-05E9-44F4-B567-3C4F7DC575F6} = {DB95607F-2C41-424A-A720-D5A549314F61}
	EndGlobalSection
	GlobalSection(ExtensibilityGlobals) = postSolution
		SolutionGuid = {82C4AE30-6226-406E-9168-C579BE90958A}
	EndGlobalSection
EndGlobal
